
Microsoft Visual Studio Solution File, Format Version 12.00
# Visual Studio Version 17
VisualStudioVersion = 17.12.35527.113 d17.12
MinimumVisualStudioVersion = 10.0.40219.1
Project("{2150E333-8FDC-42A3-9474-1A3956D46DE8}") = "src", "src", "{DC08A744-0B1F-447B-A9F6-497D2252A4C4}"
EndProject
Project("{2150E333-8FDC-42A3-9474-1A3956D46DE8}") = "tests", "tests", "{B39C5E8A-0554-4F9B-8A67-8851E0AC84C7}"
EndProject
Project("{FAE04EC0-301F-11D3-BF4B-00C04F79EFBC}") = "LogTransformer.Api", "src\LogTransformer.Api\LogTransformer.Api.csproj", "{4DA4D501-476C-4B17-9E89-292E814DE2E6}"
EndProject
Project("{FAE04EC0-301F-11D3-BF4B-00C04F79EFBC}") = "LogTransformer.Tests", "tests\LogTransformer.Tests\LogTransformer.Tests.csproj", "{D55E9ED5-F9B3-42A1-9202-416C83B603CB}"
EndProject
Global
	GlobalSection(SolutionConfigurationPlatforms) = preSolution
		Debug|Any CPU = Debug|Any CPU
		Release|Any CPU = Release|Any CPU
	EndGlobalSection
	GlobalSection(ProjectConfigurationPlatforms) = postSolution
		{4DA4D501-476C-4B17-9E89-292E814DE2E6}.Debug|Any CPU.ActiveCfg = Debug|Any CPU
		{4DA4D501-476C-4B17-9E89-292E814DE2E6}.Debug|Any CPU.Build.0 = Debug|Any CPU
		{4DA4D501-476C-4B17-9E89-292E814DE2E6}.Release|Any CPU.ActiveCfg = Release|Any CPU
		{4DA4D501-476C-4B17-9E89-292E814DE2E6}.Release|Any CPU.Build.0 = Release|Any CPU
		{D55E9ED5-F9B3-42A1-9202-416C83B603CB}.Debug|Any CPU.ActiveCfg = Debug|Any CPU
		{D55E9ED5-F9B3-42A1-9202-416C83B603CB}.Debug|Any CPU.Build.0 = Debug|Any CPU
		{D55E9ED5-F9B3-42A1-9202-416C83B603CB}.Release|Any CPU.ActiveCfg = Release|Any CPU
		{D55E9ED5-F9B3-42A1-9202-416C83B603CB}.Release|Any CPU.Build.0 = Release|Any CPU
	EndGlobalSection
	GlobalSection(SolutionProperties) = preSolution
		HideSolutionNode = FALSE
	EndGlobalSection
	GlobalSection(NestedProjects) = preSolution
		{4DA4D501-476C-4B17-9E89-292E814DE2E6} = {DC08A744-0B1F-447B-A9F6-497D2252A4C4}
		{D55E9ED5-F9B3-42A1-9202-416C83B603CB} = {B39C5E8A-0554-4F9B-8A67-8851E0AC84C7}
	EndGlobalSection
EndGlobal
